lockfileVersion: '9.0'

settings:
  autoInstallPeers: true
  excludeLinksFromLockfile: false

importers:

  .:
    dependencies:
      qiankun:
        specifier: ^2.10.16
        version: 2.10.16

packages:

  '@babel/runtime@7.27.6':
    resolution: {integrity: sha512-vbavdySgbTTrmFE+EsiqUTzlOr5bzlnJtUv9PynGCAKvfQqjIXbvFdumPM/GxMDfyuGMJaJAU6TO4zc1Jf1i8Q==}
    engines: {node: '>=6.9.0'}

  import-html-entry@1.17.0:
    resolution: {integrity: sha512-2SDsRlGlE8bqdnGqsOyiDPEWlzJR0jNW4LWopnZl5QE1Yd0nJ7fykWo2GaKUF7Jq7pR0g3dElhuJHyamTt1gPQ==}

  lodash@4.17.21:
    resolution: {integrity: sha512-v2kDEe57lecTulaDIuNTPy3Ry4gLGJ6Z1O3vE1krgXZNrsQ+LFTGHVxVjcXPs17LhbZVGedAJv8XZ1tvj5FvSg==}

  qiankun@2.10.16:
    resolution: {integrity: sha512-Q3tSVUrPnzx8ckEOKIoPnhb5LE28FPKyan/r6jEuGJGqTbIy+3rp6E2/KfU82ZI4yZpef9LFTrnxdj49jAEsmw==}

  single-spa@5.9.5:
    resolution: {integrity: sha512-9SQdmsyz4HSP+3gs6PJzhkaMEg+6zTlu9oxIghnwUX3eq+ajq4ft5egl0iyR55LAmO/UwvU8NgIWs/ZyQMa6dw==}

snapshots:

  '@babel/runtime@7.27.6': {}

  import-html-entry@1.17.0:
    dependencies:
      '@babel/runtime': 7.27.6

  lodash@4.17.21: {}

  qiankun@2.10.16:
    dependencies:
      '@babel/runtime': 7.27.6
      import-html-entry: 1.17.0
      lodash: 4.17.21
      single-spa: 5.9.5

  single-spa@5.9.5: {}
